
Microsoft Visual Studio Solution File, Format Version 12.00
# Visual Studio Version 17
VisualStudioVersion = 17.7.34003.232
MinimumVisualStudioVersion = 10.0.40219.1
Project("{FAE04EC0-301F-11D3-BF4B-00C04F79EFBC}") = "Spotifu", "Spotifu\Spotifu.csproj", "{176D1C75-82A8-4D7A-9AE8-5E16598E84ED}"
EndProject
Global
	GlobalSection(SolutionConfigurationPlatforms) = preSolution
		Debug|Any CPU = Debug|Any CPU
		Release|Any CPU = Release|Any CPU
	EndGlobalSection
	GlobalSection(ProjectConfigurationPlatforms) = postSolution
		{176D1C75-82A8-4D7A-9AE8-5E16598E84ED}.Debug|Any CPU.ActiveCfg = Debug|Any CPU
		{176D1C75-82A8-4D7A-9AE8-5E16598E84ED}.Debug|Any CPU.Build.0 = Debug|Any CPU
		{176D1C75-82A8-4D7A-9AE8-5E16598E84ED}.Release|Any CPU.ActiveCfg = Release|Any CPU
		{176D1C75-82A8-4D7A-9AE8-5E16598E84ED}.Release|Any CPU.Build.0 = Release|Any CPU
	EndGlobalSection
	GlobalSection(SolutionProperties) = preSolution
		HideSolutionNode = FALSE
	EndGlobalSection
	GlobalSection(ExtensibilityGlobals) = postSolution
		SolutionGuid = {5F7ADCAD-4C3C-4465-B62E-8D8766F4D72B}
	EndGlobalSection
EndGlobal
